
Microsoft Visual Studio Solution File, Format Version 12.00
# Visual Studio Version 17
VisualStudioVersion = 17.6.33815.320
MinimumVisualStudioVersion = 10.0.40219.1
Project("{FAE04EC0-301F-11D3-BF4B-00C04F79EFBC}") = "GiveMeStatisticsVolleyball", "GiveMeStatisticsVolleyball.csproj", "{90EE18CC-B255-486C-8F74-5E95A4EC32E5}"
EndProject
Global
	GlobalSection(SolutionConfigurationPlatforms) = preSolution
		Debug|Any CPU = Debug|Any CPU
		Release|Any CPU = Release|Any CPU
	EndGlobalSection
	GlobalSection(ProjectConfigurationPlatforms) = postSolution
		{90EE18CC-B255-486C-8F74-5E95A4EC32E5}.Debug|Any CPU.ActiveCfg = Debug|Any CPU
		{90EE18CC-B255-486C-8F74-5E95A4EC32E5}.Debug|Any CPU.Build.0 = Debug|Any CPU
		{90EE18CC-B255-486C-8F74-5E95A4EC32E5}.Release|Any CPU.ActiveCfg = Release|Any CPU
		{90EE18CC-B255-486C-8F74-5E95A4EC32E5}.Release|Any CPU.Build.0 = Release|Any CPU
	EndGlobalSection
	GlobalSection(SolutionProperties) = preSolution
		HideSolutionNode = FALSE
	EndGlobalSection
	GlobalSection(ExtensibilityGlobals) = postSolution
		SolutionGuid = {F8C1CB9A-0815-4C65-BC51-814CD9C812DA}
	EndGlobalSection
EndGlobal
